
Microsoft Visual Studio Solution File, Format Version 12.00
# Visual Studio 2013
VisualStudioVersion = 12.0.31101.0
MinimumVisualStudioVersion = 10.0.40219.1
Project("{FAE04EC0-301F-11D3-BF4B-00C04F79EFBC}") = "Daimler.HELM.ManagePlatform", "Daimler.HELM.ManagePlatform\Daimler.HELM.ManagePlatform.csproj", "{9F8F9A06-2248-4495-9582-7813CC45C570}"
EndProject
Project("{2150E333-8FDC-42A3-9474-1A3956D46DE8}") = "Wechat", "Wechat", "{EA461765-B9A2-42BE-A4C7-AA3D83287A50}"
EndProject
Project("{2150E333-8FDC-42A3-9474-1A3956D46DE8}") = "Interface", "Interface", "{BF9E6520-4CC9-493A-A99E-7208348F736F}"
EndProject
Project("{FAE04EC0-301F-11D3-BF4B-00C04F79EFBC}") = "Daimler.HELM.HubService.Contract", "Daimler.HELM.AppService.Contract\Daimler.HELM.HubService.Contract.csproj", "{9338A7C9-13AA-4D5C-A34D-93A8312C745C}"
EndProject
Project("{FAE04EC0-301F-11D3-BF4B-00C04F79EFBC}") = "Daimler.HELM.HubService", "Daimler.HELM.AppService\Daimler.HELM.HubService.csproj", "{DAC6909D-06AE-45A6-A322-4D227F68E096}"
EndProject
Project("{2150E333-8FDC-42A3-9474-1A3956D46DE8}") = "HubService", "HubService", "{D050C5DE-7906-4724-B6E3-ED3DE4731C4F}"
EndProject
Project("{FAE04EC0-301F-11D3-BF4B-00C04F79EFBC}") = "Daimler.HELM.HubService.Logic", "Daimler.HELM.AppService.Logic\Daimler.HELM.HubService.Logic.csproj", "{649DF2F7-EEFA-4A6F-9435-08FFFB2F6630}"
EndProject
Project("{FAE04EC0-301F-11D3-BF4B-00C04F79EFBC}") = "Daimler.HELM.DBInterface", "Daimler.HELM.DBInterface\Daimler.HELM.DBInterface.csproj", "{A11A1310-182A-448E-80A9-9C080BFC3DD2}"
EndProject
Project("{2150E333-8FDC-42A3-9474-1A3956D46DE8}") = "Global", "Global", "{F5A3198A-25BD-44FE-B72C-330B80657417}"
EndProject
Project("{FAE04EC0-301F-11D3-BF4B-00C04F79EFBC}") = "Daimler.HELM.BizObjects", "Daimler.HELM.BizObjects\Daimler.HELM.BizObjects.csproj", "{325C1225-94D0-4C92-9E72-3DD2CDE41DF2}"
EndProject
Project("{2150E333-8FDC-42A3-9474-1A3956D46DE8}") = "Test", "Test", "{22932B33-AD77-4659-B48E-7864D83B1A95}"
EndProject
Project("{FAE04EC0-301F-11D3-BF4B-00C04F79EFBC}") = "Daimler.HELM.EPSimulator", "Daimler.HELM.Test\Daimler.HELM.EPSimulator.csproj", "{AFE0A078-4395-4AD5-937C-77541F10CBF8}"
	ProjectSection(ProjectDependencies) = postProject
		{1E6CE900-4CC3-492D-9F4B-FFC59A2A0075} = {1E6CE900-4CC3-492D-9F4B-FFC59A2A0075}
		{98515229-1B7B-469D-ADC1-0497406B69F3} = {98515229-1B7B-469D-ADC1-0497406B69F3}
		{167FB76E-8DEE-44EF-8814-60F6AC0D3672} = {167FB76E-8DEE-44EF-8814-60F6AC0D3672}
	EndProjectSection
EndProject
Project("{2150E333-8FDC-42A3-9474-1A3956D46DE8}") = "Vendor", "Vendor", "{1B7F74E3-1644-4EA3-A083-06C06729B873}"
EndProject
Project("{FAE04EC0-301F-11D3-BF4B-00C04F79EFBC}") = "Daimler.HELM.MessageInterface", "Daimler.HELM.VendorInterface\Daimler.HELM.MessageInterface.csproj", "{0EE3F3DC-4839-411F-A01F-CB788135647E}"
EndProject
Project("{FAE04EC0-301F-11D3-BF4B-00C04F79EFBC}") = "Daimler.HELM.WechatInterface", "Daimler.HELM.WechatInterface\Daimler.HELM.WechatInterface.csproj", "{B4A00525-50C1-485A-9C14-9408B5247215}"
EndProject
Project("{FAE04EC0-301F-11D3-BF4B-00C04F79EFBC}") = "Daimler.HELM.MessageInterface.Impl", "Daimler.HELM.XXVendor\Daimler.HELM.MessageInterface.Impl.csproj", "{DB584BCF-24C4-416F-B68C-3470D2B3E0A9}"
EndProject
Project("{FAE04EC0-301F-11D3-BF4B-00C04F79EFBC}") = "Daimler.HELM.MQ", "Daimler.HELM.MessageQueue\Daimler.HELM.MQ.csproj", "{32146A80-6E96-4289-AE48-4530522A4FEE}"
EndProject
Project("{FAE04EC0-301F-11D3-BF4B-00C04F79EFBC}") = "Daimler.HELM.MessageFilter", "Daimler.HELM.MessageFilter\Daimler.HELM.MessageFilter.csproj", "{50AA3B8A-B38D-43B4-A4D0-6DEEC58BD627}"
EndProject
Project("{2150E333-8FDC-42A3-9474-1A3956D46DE8}") = "Adapter", "Adapter", "{464EAFB7-498D-40E7-A917-0255FBE7603D}"
EndProject
Project("{FAE04EC0-301F-11D3-BF4B-00C04F79EFBC}") = "Daimler.HELM.Test.Server", "Daimler.HELM.Test.Server\Daimler.HELM.Test.Server.csproj", "{8F2B9B5D-86CB-4AF2-BE0C-543A2092CF61}"
EndProject
Project("{FAE04EC0-301F-11D3-BF4B-00C04F79EFBC}") = "Daimler.HELM.Log", "Daimler.HELM.Log\Daimler.HELM.Log.csproj", "{B42C1211-A1B0-43EE-BDB7-EF07613FE831}"
EndProject
Project("{FAE04EC0-301F-11D3-BF4B-00C04F79EFBC}") = "Daimler.HELM.EPAdapter", "Daimler.HELM.EPAdapter\Daimler.HELM.EPAdapter.csproj", "{167FB76E-8DEE-44EF-8814-60F6AC0D3672}"
EndProject
Project("{FAE04EC0-301F-11D3-BF4B-00C04F79EFBC}") = "Daimler.HELM.HubServiceProxy", "Daimler.HELM.AppServiceProxy\Daimler.HELM.HubServiceProxy.csproj", "{181221EC-A267-4EB5-9D76-AAC06CBAD3B1}"
EndProject
Project("{2150E333-8FDC-42A3-9474-1A3956D46DE8}") = "Connector", "Connector", "{9728FB7E-551C-45CA-8A0A-4AEE0F086158}"
EndProject
Project("{FAE04EC0-301F-11D3-BF4B-00C04F79EFBC}") = "Daimler.HELM.Common", "Daimler.HELM.Common\Daimler.HELM.Common.csproj", "{6C80D3A5-B22D-4F04-9C7E-568EAE60EBAA}"
EndProject
Project("{FAE04EC0-301F-11D3-BF4B-00C04F79EFBC}") = "Daimler.HELM.Control", "Daimler.HELM.Control\Daimler.HELM.Control.csproj", "{B709D7F6-49EC-4A06-ACB2-84843B0E43A4}"
EndProject
Project("{FAE04EC0-301F-11D3-BF4B-00C04F79EFBC}") = "Daimler.HELM.MessageQueueSend", "Daimler.HELM.MessageQueueSend\Daimler.HELM.MessageQueueSend.csproj", "{8E42DAEC-664E-4748-AE84-86607C5A3FC4}"
EndProject
Project("{FAE04EC0-301F-11D3-BF4B-00C04F79EFBC}") = "Daimler.HELM.Jobs", "Daimler.HELM.Jobs\Daimler.HELM.Jobs.csproj", "{52404B01-A6AB-4A9F-B0D3-535C804F5E14}"
EndProject
Project("{FAE04EC0-301F-11D3-BF4B-00C04F79EFBC}") = "Daimler.HELM.MessageQueueReply", "Daimler.HELM.MessageQueueReply\Daimler.HELM.MessageQueueReply.csproj", "{D7F336C5-9C13-42DC-8916-82CA63D3DF5F}"
EndProject
Project("{FAE04EC0-301F-11D3-BF4B-00C04F79EFBC}") = "Daimler.HELM.Adapter.Logic", "Daimler.HELM.Adapter.Logic\Daimler.HELM.Adapter.Logic.csproj", "{DFC4694B-4707-4A7F-9A49-734B6F7880F5}"
EndProject
Project("{FAE04EC0-301F-11D3-BF4B-00C04F79EFBC}") = "Daimler.HELM.POSAdapter", "Daimler.HELM.POSAdapter\Daimler.HELM.POSAdapter.csproj", "{DD23B8C3-BD61-46E4-BEE9-A4F8F2BC51E1}"
EndProject
Project("{FAE04EC0-301F-11D3-BF4B-00C04F79EFBC}") = "Daimler.HELM.TSBAdapter", "Daimler.HELM.TSBAdapter\Daimler.HELM.TSBAdapter.csproj", "{0E242049-5115-4A98-AD24-60E310CE3EFA}"
EndProject
Project("{FAE04EC0-301F-11D3-BF4B-00C04F79EFBC}") = "Daimler.HELM.UnitTest", "Daimler.HELM.UnitTest\Daimler.HELM.UnitTest.csproj", "{F7B87E9E-CD6D-4DDD-9B37-B14251C4B8FB}"
	ProjectSection(ProjectDependencies) = postProject
		{98515229-1B7B-469D-ADC1-0497406B69F3} = {98515229-1B7B-469D-ADC1-0497406B69F3}
	EndProjectSection
EndProject
Project("{FAE04EC0-301F-11D3-BF4B-00C04F79EFBC}") = "Daimler.HELM.LMSAdapter", "Daimler.HELM.LMSAdapter\Daimler.HELM.LMSAdapter.csproj", "{98515229-1B7B-469D-ADC1-0497406B69F3}"
EndProject
Project("{FAE04EC0-301F-11D3-BF4B-00C04F79EFBC}") = "Daimler.HELM.WechatServerURL", "Daimler.HELM.WechatServerURL\Daimler.HELM.WechatServerURL.csproj", "{2B2FD70B-0EB2-4823-95C3-6529B09A4B1B}"
EndProject
Project("{FAE04EC0-301F-11D3-BF4B-00C04F79EFBC}") = "Daimler.HELM.PerformanceTest", "Daimler.HELM.PerformanceTest\Daimler.HELM.PerformanceTest.csproj", "{1018B162-795E-4786-997C-DB9886A9F40A}"
	ProjectSection(ProjectDependencies) = postProject
		{98515229-1B7B-469D-ADC1-0497406B69F3} = {98515229-1B7B-469D-ADC1-0497406B69F3}
		{167FB76E-8DEE-44EF-8814-60F6AC0D3672} = {167FB76E-8DEE-44EF-8814-60F6AC0D3672}
	EndProjectSection
EndProject
Project("{2150E333-8FDC-42A3-9474-1A3956D46DE8}") = "Solution Items", "Solution Items", "{1B66F2D6-084E-4ED8-9755-D95E40B05EA3}"
	ProjectSection(SolutionItems) = preProject
		Local.testsettings = Local.testsettings
	EndProjectSection
EndProject
Project("{FAE04EC0-301F-11D3-BF4B-00C04F79EFBC}") = "Daimler.HELM.PublicService", "Daimler.HELM.PublicService\Daimler.HELM.PublicService.csproj", "{1E6CE900-4CC3-492D-9F4B-FFC59A2A0075}"
EndProject
Project("{FAE04EC0-301F-11D3-BF4B-00C04F79EFBC}") = "Daimler.HELM.EmailInterface", "Daimler.HELM.EmailInterface\Daimler.HELM.EmailInterface.csproj", "{16214514-5720-4800-BD18-6FE5BCEDC6ED}"
EndProject
Project("{FAE04EC0-301F-11D3-BF4B-00C04F79EFBC}") = "Daimler.HELM.PerformanceTestEntry", "Daimler.HELM.PerformanceTestEntry\Daimler.HELM.PerformanceTestEntry.csproj", "{328704D3-1C83-4B2A-AEAA-36F7BDE09693}"
EndProject
Project("{FAE04EC0-301F-11D3-BF4B-00C04F79EFBC}") = "Daimler.HELM.WechatWeb", "Daimler.HELM.WechatWeb\Daimler.HELM.WechatWeb.csproj", "{EAB00094-5103-4E72-8A5B-55A8D32760CA}"
EndProject
Global
	GlobalSection(SolutionConfigurationPlatforms) = preSolution
		Debug|Any CPU = Debug|Any CPU
		Release|Any CPU = Release|Any CPU
	EndGlobalSection
	GlobalSection(ProjectConfigurationPlatforms) = postSolution
		{9F8F9A06-2248-4495-9582-7813CC45C570}.Debug|Any CPU.ActiveCfg = Debug|Any CPU
		{9F8F9A06-2248-4495-9582-7813CC45C570}.Debug|Any CPU.Build.0 = Debug|Any CPU
		{9F8F9A06-2248-4495-9582-7813CC45C570}.Release|Any CPU.ActiveCfg = Release|Any CPU
		{9F8F9A06-2248-4495-9582-7813CC45C570}.Release|Any CPU.Build.0 = Release|Any CPU
		{9338A7C9-13AA-4D5C-A34D-93A8312C745C}.Debug|Any CPU.ActiveCfg = Debug|Any CPU
		{9338A7C9-13AA-4D5C-A34D-93A8312C745C}.Debug|Any CPU.Build.0 = Debug|Any CPU
		{9338A7C9-13AA-4D5C-A34D-93A8312C745C}.Release|Any CPU.ActiveCfg = Release|Any CPU
		{9338A7C9-13AA-4D5C-A34D-93A8312C745C}.Release|Any CPU.Build.0 = Release|Any CPU
		{DAC6909D-06AE-45A6-A322-4D227F68E096}.Debug|Any CPU.ActiveCfg = Debug|Any CPU
		{DAC6909D-06AE-45A6-A322-4D227F68E096}.Debug|Any CPU.Build.0 = Debug|Any CPU
		{DAC6909D-06AE-45A6-A322-4D227F68E096}.Release|Any CPU.ActiveCfg = Release|Any CPU
		{DAC6909D-06AE-45A6-A322-4D227F68E096}.Release|Any CPU.Build.0 = Release|Any CPU
		{649DF2F7-EEFA-4A6F-9435-08FFFB2F6630}.Debug|Any CPU.ActiveCfg = Debug|Any CPU
		{649DF2F7-EEFA-4A6F-9435-08FFFB2F6630}.Debug|Any CPU.Build.0 = Debug|Any CPU
		{649DF2F7-EEFA-4A6F-9435-08FFFB2F6630}.Release|Any CPU.ActiveCfg = Release|Any CPU
		{649DF2F7-EEFA-4A6F-9435-08FFFB2F6630}.Release|Any CPU.Build.0 = Release|Any CPU
		{A11A1310-182A-448E-80A9-9C080BFC3DD2}.Debug|Any CPU.ActiveCfg = Debug|Any CPU
		{A11A1310-182A-448E-80A9-9C080BFC3DD2}.Debug|Any CPU.Build.0 = Debug|Any CPU
		{A11A1310-182A-448E-80A9-9C080BFC3DD2}.Release|Any CPU.ActiveCfg = Release|Any CPU
		{A11A1310-182A-448E-80A9-9C080BFC3DD2}.Release|Any CPU.Build.0 = Release|Any CPU
		{325C1225-94D0-4C92-9E72-3DD2CDE41DF2}.Debug|Any CPU.ActiveCfg = Debug|Any CPU
		{325C1225-94D0-4C92-9E72-3DD2CDE41DF2}.Debug|Any CPU.Build.0 = Debug|Any CPU
		{325C1225-94D0-4C92-9E72-3DD2CDE41DF2}.Release|Any CPU.ActiveCfg = Release|Any CPU
		{325C1225-94D0-4C92-9E72-3DD2CDE41DF2}.Release|Any CPU.Build.0 = Release|Any CPU
		{AFE0A078-4395-4AD5-937C-77541F10CBF8}.Debug|Any CPU.ActiveCfg = Debug|Any CPU
		{AFE0A078-4395-4AD5-937C-77541F10CBF8}.Debug|Any CPU.Build.0 = Debug|Any CPU
		{AFE0A078-4395-4AD5-937C-77541F10CBF8}.Release|Any CPU.ActiveCfg = Release|Any CPU
		{AFE0A078-4395-4AD5-937C-77541F10CBF8}.Release|Any CPU.Build.0 = Release|Any CPU
		{0EE3F3DC-4839-411F-A01F-CB788135647E}.Debug|Any CPU.ActiveCfg = Debug|Any CPU
		{0EE3F3DC-4839-411F-A01F-CB788135647E}.Debug|Any CPU.Build.0 = Debug|Any CPU
		{0EE3F3DC-4839-411F-A01F-CB788135647E}.Release|Any CPU.ActiveCfg = Release|Any CPU
		{0EE3F3DC-4839-411F-A01F-CB788135647E}.Release|Any CPU.Build.0 = Release|Any CPU
		{B4A00525-50C1-485A-9C14-9408B5247215}.Debug|Any CPU.ActiveCfg = Debug|Any CPU
		{B4A00525-50C1-485A-9C14-9408B5247215}.Debug|Any CPU.Build.0 = Debug|Any CPU
		{B4A00525-50C1-485A-9C14-9408B5247215}.Release|Any CPU.ActiveCfg = Release|Any CPU
		{B4A00525-50C1-485A-9C14-9408B5247215}.Release|Any CPU.Build.0 = Release|Any CPU
		{DB584BCF-24C4-416F-B68C-3470D2B3E0A9}.Debug|Any CPU.ActiveCfg = Debug|Any CPU
		{DB584BCF-24C4-416F-B68C-3470D2B3E0A9}.Debug|Any CPU.Build.0 = Debug|Any CPU
		{DB584BCF-24C4-416F-B68C-3470D2B3E0A9}.Release|Any CPU.ActiveCfg = Release|Any CPU
		{DB584BCF-24C4-416F-B68C-3470D2B3E0A9}.Release|Any CPU.Build.0 = Release|Any CPU
		{32146A80-6E96-4289-AE48-4530522A4FEE}.Debug|Any CPU.ActiveCfg = Debug|Any CPU
		{32146A80-6E96-4289-AE48-4530522A4FEE}.Debug|Any CPU.Build.0 = Debug|Any CPU
		{32146A80-6E96-4289-AE48-4530522A4FEE}.Release|Any CPU.ActiveCfg = Release|Any CPU
		{32146A80-6E96-4289-AE48-4530522A4FEE}.Release|Any CPU.Build.0 = Release|Any CPU
		{50AA3B8A-B38D-43B4-A4D0-6DEEC58BD627}.Debug|Any CPU.ActiveCfg = Debug|Any CPU
		{50AA3B8A-B38D-43B4-A4D0-6DEEC58BD627}.Debug|Any CPU.Build.0 = Debug|Any CPU
		{50AA3B8A-B38D-43B4-A4D0-6DEEC58BD627}.Release|Any CPU.ActiveCfg = Release|Any CPU
		{50AA3B8A-B38D-43B4-A4D0-6DEEC58BD627}.Release|Any CPU.Build.0 = Release|Any CPU
		{8F2B9B5D-86CB-4AF2-BE0C-543A2092CF61}.Debug|Any CPU.ActiveCfg = Debug|Any CPU
		{8F2B9B5D-86CB-4AF2-BE0C-543A2092CF61}.Debug|Any CPU.Build.0 = Debug|Any CPU
		{8F2B9B5D-86CB-4AF2-BE0C-543A2092CF61}.Release|Any CPU.ActiveCfg = Release|Any CPU
		{8F2B9B5D-86CB-4AF2-BE0C-543A2092CF61}.Release|Any CPU.Build.0 = Release|Any CPU
		{B42C1211-A1B0-43EE-BDB7-EF07613FE831}.Debug|Any CPU.ActiveCfg = Debug|Any CPU
		{B42C1211-A1B0-43EE-BDB7-EF07613FE831}.Debug|Any CPU.Build.0 = Debug|Any CPU
		{B42C1211-A1B0-43EE-BDB7-EF07613FE831}.Release|Any CPU.ActiveCfg = Release|Any CPU
		{B42C1211-A1B0-43EE-BDB7-EF07613FE831}.Release|Any CPU.Build.0 = Release|Any CPU
		{167FB76E-8DEE-44EF-8814-60F6AC0D3672}.Debug|Any CPU.ActiveCfg = Debug|Any CPU
		{167FB76E-8DEE-44EF-8814-60F6AC0D3672}.Debug|Any CPU.Build.0 = Debug|Any CPU
		{167FB76E-8DEE-44EF-8814-60F6AC0D3672}.Release|Any CPU.ActiveCfg = Release|Any CPU
		{167FB76E-8DEE-44EF-8814-60F6AC0D3672}.Release|Any CPU.Build.0 = Release|Any CPU
		{181221EC-A267-4EB5-9D76-AAC06CBAD3B1}.Debug|Any CPU.ActiveCfg = Debug|Any CPU
		{181221EC-A267-4EB5-9D76-AAC06CBAD3B1}.Debug|Any CPU.Build.0 = Debug|Any CPU
		{181221EC-A267-4EB5-9D76-AAC06CBAD3B1}.Release|Any CPU.ActiveCfg = Release|Any CPU
		{181221EC-A267-4EB5-9D76-AAC06CBAD3B1}.Release|Any CPU.Build.0 = Release|Any CPU
		{6C80D3A5-B22D-4F04-9C7E-568EAE60EBAA}.Debug|Any CPU.ActiveCfg = Debug|Any CPU
		{6C80D3A5-B22D-4F04-9C7E-568EAE60EBAA}.Debug|Any CPU.Build.0 = Debug|Any CPU
		{6C80D3A5-B22D-4F04-9C7E-568EAE60EBAA}.Release|Any CPU.ActiveCfg = Release|Any CPU
		{6C80D3A5-B22D-4F04-9C7E-568EAE60EBAA}.Release|Any CPU.Build.0 = Release|Any CPU
		{B709D7F6-49EC-4A06-ACB2-84843B0E43A4}.Debug|Any CPU.ActiveCfg = Debug|Any CPU
		{B709D7F6-49EC-4A06-ACB2-84843B0E43A4}.Debug|Any CPU.Build.0 = Debug|Any CPU
		{B709D7F6-49EC-4A06-ACB2-84843B0E43A4}.Release|Any CPU.ActiveCfg = Release|Any CPU
		{B709D7F6-49EC-4A06-ACB2-84843B0E43A4}.Release|Any CPU.Build.0 = Release|Any CPU
		{8E42DAEC-664E-4748-AE84-86607C5A3FC4}.Debug|Any CPU.ActiveCfg = Debug|Any CPU
		{8E42DAEC-664E-4748-AE84-86607C5A3FC4}.Debug|Any CPU.Build.0 = Debug|Any CPU
		{8E42DAEC-664E-4748-AE84-86607C5A3FC4}.Release|Any CPU.ActiveCfg = Release|Any CPU
		{8E42DAEC-664E-4748-AE84-86607C5A3FC4}.Release|Any CPU.Build.0 = Release|Any CPU
		{52404B01-A6AB-4A9F-B0D3-535C804F5E14}.Debug|Any CPU.ActiveCfg = Debug|Any CPU
		{52404B01-A6AB-4A9F-B0D3-535C804F5E14}.Debug|Any CPU.Build.0 = Debug|Any CPU
		{52404B01-A6AB-4A9F-B0D3-535C804F5E14}.Release|Any CPU.ActiveCfg = Release|Any CPU
		{52404B01-A6AB-4A9F-B0D3-535C804F5E14}.Release|Any CPU.Build.0 = Release|Any CPU
		{D7F336C5-9C13-42DC-8916-82CA63D3DF5F}.Debug|Any CPU.ActiveCfg = Debug|Any CPU
		{D7F336C5-9C13-42DC-8916-82CA63D3DF5F}.Debug|Any CPU.Build.0 = Debug|Any CPU
		{D7F336C5-9C13-42DC-8916-82CA63D3DF5F}.Release|Any CPU.ActiveCfg = Release|Any CPU
		{D7F336C5-9C13-42DC-8916-82CA63D3DF5F}.Release|Any CPU.Build.0 = Release|Any CPU
		{DFC4694B-4707-4A7F-9A49-734B6F7880F5}.Debug|Any CPU.ActiveCfg = Debug|Any CPU
		{DFC4694B-4707-4A7F-9A49-734B6F7880F5}.Debug|Any CPU.Build.0 = Debug|Any CPU
		{DFC4694B-4707-4A7F-9A49-734B6F7880F5}.Release|Any CPU.ActiveCfg = Release|Any CPU
		{DFC4694B-4707-4A7F-9A49-734B6F7880F5}.Release|Any CPU.Build.0 = Release|Any CPU
		{DD23B8C3-BD61-46E4-BEE9-A4F8F2BC51E1}.Debug|Any CPU.ActiveCfg = Debug|Any CPU
		{DD23B8C3-BD61-46E4-BEE9-A4F8F2BC51E1}.Debug|Any CPU.Build.0 = Debug|Any CPU
		{DD23B8C3-BD61-46E4-BEE9-A4F8F2BC51E1}.Release|Any CPU.ActiveCfg = Release|Any CPU
		{DD23B8C3-BD61-46E4-BEE9-A4F8F2BC51E1}.Release|Any CPU.Build.0 = Release|Any CPU
		{0E242049-5115-4A98-AD24-60E310CE3EFA}.Debug|Any CPU.ActiveCfg = Debug|Any CPU
		{0E242049-5115-4A98-AD24-60E310CE3EFA}.Debug|Any CPU.Build.0 = Debug|Any CPU
		{0E242049-5115-4A98-AD24-60E310CE3EFA}.Release|Any CPU.ActiveCfg = Release|Any CPU
		{0E242049-5115-4A98-AD24-60E310CE3EFA}.Release|Any CPU.Build.0 = Release|Any CPU
		{F7B87E9E-CD6D-4DDD-9B37-B14251C4B8FB}.Debug|Any CPU.ActiveCfg = Debug|Any CPU
		{F7B87E9E-CD6D-4DDD-9B37-B14251C4B8FB}.Debug|Any CPU.Build.0 = Debug|Any CPU
		{F7B87E9E-CD6D-4DDD-9B37-B14251C4B8FB}.Release|Any CPU.ActiveCfg = Release|Any CPU
		{F7B87E9E-CD6D-4DDD-9B37-B14251C4B8FB}.Release|Any CPU.Build.0 = Release|Any CPU
		{98515229-1B7B-469D-ADC1-0497406B69F3}.Debug|Any CPU.ActiveCfg = Debug|Any CPU
		{98515229-1B7B-469D-ADC1-0497406B69F3}.Debug|Any CPU.Build.0 = Debug|Any CPU
		{98515229-1B7B-469D-ADC1-0497406B69F3}.Release|Any CPU.ActiveCfg = Release|Any CPU
		{98515229-1B7B-469D-ADC1-0497406B69F3}.Release|Any CPU.Build.0 = Release|Any CPU
		{2B2FD70B-0EB2-4823-95C3-6529B09A4B1B}.Debug|Any CPU.ActiveCfg = Debug|Any CPU
		{2B2FD70B-0EB2-4823-95C3-6529B09A4B1B}.Debug|Any CPU.Build.0 = Debug|Any CPU
		{2B2FD70B-0EB2-4823-95C3-6529B09A4B1B}.Release|Any CPU.ActiveCfg = Release|Any CPU
		{2B2FD70B-0EB2-4823-95C3-6529B09A4B1B}.Release|Any CPU.Build.0 = Release|Any CPU
		{1018B162-795E-4786-997C-DB9886A9F40A}.Debug|Any CPU.ActiveCfg = Debug|Any CPU
		{1018B162-795E-4786-997C-DB9886A9F40A}.Debug|Any CPU.Build.0 = Debug|Any CPU
		{1018B162-795E-4786-997C-DB9886A9F40A}.Release|Any CPU.ActiveCfg = Release|Any CPU
		{1018B162-795E-4786-997C-DB9886A9F40A}.Release|Any CPU.Build.0 = Release|Any CPU
		{1E6CE900-4CC3-492D-9F4B-FFC59A2A0075}.Debug|Any CPU.ActiveCfg = Debug|Any CPU
		{1E6CE900-4CC3-492D-9F4B-FFC59A2A0075}.Debug|Any CPU.Build.0 = Debug|Any CPU
		{1E6CE900-4CC3-492D-9F4B-FFC59A2A0075}.Release|Any CPU.ActiveCfg = Release|Any CPU
		{1E6CE900-4CC3-492D-9F4B-FFC59A2A0075}.Release|Any CPU.Build.0 = Release|Any CPU
		{16214514-5720-4800-BD18-6FE5BCEDC6ED}.Debug|Any CPU.ActiveCfg = Debug|Any CPU
		{16214514-5720-4800-BD18-6FE5BCEDC6ED}.Debug|Any CPU.Build.0 = Debug|Any CPU
		{16214514-5720-4800-BD18-6FE5BCEDC6ED}.Release|Any CPU.ActiveCfg = Release|Any CPU
		{16214514-5720-4800-BD18-6FE5BCEDC6ED}.Release|Any CPU.Build.0 = Release|Any CPU
		{328704D3-1C83-4B2A-AEAA-36F7BDE09693}.Debug|Any CPU.ActiveCfg = Debug|Any CPU
		{328704D3-1C83-4B2A-AEAA-36F7BDE09693}.Debug|Any CPU.Build.0 = Debug|Any CPU
		{328704D3-1C83-4B2A-AEAA-36F7BDE09693}.Release|Any CPU.ActiveCfg = Release|Any CPU
		{328704D3-1C83-4B2A-AEAA-36F7BDE09693}.Release|Any CPU.Build.0 = Release|Any CPU
		{EAB00094-5103-4E72-8A5B-55A8D32760CA}.Debug|Any CPU.ActiveCfg = Debug|Any CPU
		{EAB00094-5103-4E72-8A5B-55A8D32760CA}.Debug|Any CPU.Build.0 = Debug|Any CPU
		{EAB00094-5103-4E72-8A5B-55A8D32760CA}.Release|Any CPU.ActiveCfg = Release|Any CPU
		{EAB00094-5103-4E72-8A5B-55A8D32760CA}.Release|Any CPU.Build.0 = Release|Any CPU
	EndGlobalSection
	GlobalSection(SolutionProperties) = preSolution
		HideSolutionNode = FALSE
	EndGlobalSection
	GlobalSection(NestedProjects) = preSolution
		{9F8F9A06-2248-4495-9582-7813CC45C570} = {D050C5DE-7906-4724-B6E3-ED3DE4731C4F}
		{9338A7C9-13AA-4D5C-A34D-93A8312C745C} = {D050C5DE-7906-4724-B6E3-ED3DE4731C4F}
		{DAC6909D-06AE-45A6-A322-4D227F68E096} = {D050C5DE-7906-4724-B6E3-ED3DE4731C4F}
		{649DF2F7-EEFA-4A6F-9435-08FFFB2F6630} = {D050C5DE-7906-4724-B6E3-ED3DE4731C4F}
		{A11A1310-182A-448E-80A9-9C080BFC3DD2} = {BF9E6520-4CC9-493A-A99E-7208348F736F}
		{AFE0A078-4395-4AD5-937C-77541F10CBF8} = {22932B33-AD77-4659-B48E-7864D83B1A95}
		{1B7F74E3-1644-4EA3-A083-06C06729B873} = {BF9E6520-4CC9-493A-A99E-7208348F736F}
		{0EE3F3DC-4839-411F-A01F-CB788135647E} = {1B7F74E3-1644-4EA3-A083-06C06729B873}
		{B4A00525-50C1-485A-9C14-9408B5247215} = {BF9E6520-4CC9-493A-A99E-7208348F736F}
		{DB584BCF-24C4-416F-B68C-3470D2B3E0A9} = {1B7F74E3-1644-4EA3-A083-06C06729B873}
		{32146A80-6E96-4289-AE48-4530522A4FEE} = {D050C5DE-7906-4724-B6E3-ED3DE4731C4F}
		{50AA3B8A-B38D-43B4-A4D0-6DEEC58BD627} = {D050C5DE-7906-4724-B6E3-ED3DE4731C4F}
		{8F2B9B5D-86CB-4AF2-BE0C-543A2092CF61} = {22932B33-AD77-4659-B48E-7864D83B1A95}
		{B42C1211-A1B0-43EE-BDB7-EF07613FE831} = {F5A3198A-25BD-44FE-B72C-330B80657417}
		{167FB76E-8DEE-44EF-8814-60F6AC0D3672} = {464EAFB7-498D-40E7-A917-0255FBE7603D}
		{6C80D3A5-B22D-4F04-9C7E-568EAE60EBAA} = {F5A3198A-25BD-44FE-B72C-330B80657417}
		{8E42DAEC-664E-4748-AE84-86607C5A3FC4} = {9728FB7E-551C-45CA-8A0A-4AEE0F086158}
		{52404B01-A6AB-4A9F-B0D3-535C804F5E14} = {9728FB7E-551C-45CA-8A0A-4AEE0F086158}
		{D7F336C5-9C13-42DC-8916-82CA63D3DF5F} = {464EAFB7-498D-40E7-A917-0255FBE7603D}
		{DFC4694B-4707-4A7F-9A49-734B6F7880F5} = {464EAFB7-498D-40E7-A917-0255FBE7603D}
		{DD23B8C3-BD61-46E4-BEE9-A4F8F2BC51E1} = {464EAFB7-498D-40E7-A917-0255FBE7603D}
		{0E242049-5115-4A98-AD24-60E310CE3EFA} = {464EAFB7-498D-40E7-A917-0255FBE7603D}
		{F7B87E9E-CD6D-4DDD-9B37-B14251C4B8FB} = {22932B33-AD77-4659-B48E-7864D83B1A95}
		{98515229-1B7B-469D-ADC1-0497406B69F3} = {464EAFB7-498D-40E7-A917-0255FBE7603D}
		{2B2FD70B-0EB2-4823-95C3-6529B09A4B1B} = {EA461765-B9A2-42BE-A4C7-AA3D83287A50}
		{1018B162-795E-4786-997C-DB9886A9F40A} = {22932B33-AD77-4659-B48E-7864D83B1A95}
		{1B66F2D6-084E-4ED8-9755-D95E40B05EA3} = {22932B33-AD77-4659-B48E-7864D83B1A95}
		{1E6CE900-4CC3-492D-9F4B-FFC59A2A0075} = {464EAFB7-498D-40E7-A917-0255FBE7603D}
		{16214514-5720-4800-BD18-6FE5BCEDC6ED} = {BF9E6520-4CC9-493A-A99E-7208348F736F}
		{328704D3-1C83-4B2A-AEAA-36F7BDE09693} = {22932B33-AD77-4659-B48E-7864D83B1A95}
		{EAB00094-5103-4E72-8A5B-55A8D32760CA} = {EA461765-B9A2-42BE-A4C7-AA3D83287A50}
	EndGlobalSection
EndGlobal
